
Microsoft Visual Studio Solution File, Format Version 12.00
# Visual Studio Version 17
VisualStudioVersion = 17.8.34309.116
MinimumVisualStudioVersion = 10.0.40219.1
Project("{FAE04EC0-301F-11D3-BF4B-00C04F79EFBC}") = "Humpback", "Humpback\Humpback.csproj", "{E7FEAF88-D6C7-4804-9950-E5F21C1D5811}"
EndProject
Project("{FAE04EC0-301F-11D3-BF4B-00C04F79EFBC}") = "Humpback.Interfaces", "Humpback.Interfaces\Humpback.Interfaces.csproj", "{15EADEC7-BE27-4334-BA95-0FF3F6BD8A78}"
EndProject
Project("{FAE04EC0-301F-11D3-BF4B-00C04F79EFBC}") = "Humpback.Smo", "Humpback.Smo\Humpback.Smo.csproj", "{804678AE-B193-4A4E-ADE7-B02B66361F73}"
EndProject
Project("{FAE04EC0-301F-11D3-BF4B-00C04F79EFBC}") = "Humpback.Tests", "Humpback.Tests\Humpback.Tests.csproj", "{6E00DC4B-EF35-41F3-9553-CE3F867F6AE6}"
EndProject
Project("{2150E333-8FDC-42A3-9474-1A3956D46DE8}") = "Solution Items", "Solution Items", "{90DAD459-602D-4E95-9231-65E6F75BFBEC}"
	ProjectSection(SolutionItems) = preProject
		SharedVersionInfo.cs = SharedVersionInfo.cs
	EndProjectSection
EndProject
Global
	GlobalSection(SolutionConfigurationPlatforms) = preSolution
		Debug|Any CPU = Debug|Any CPU
		Release|Any CPU = Release|Any CPU
	EndGlobalSection
	GlobalSection(ProjectConfigurationPlatforms) = postSolution
		{E7FEAF88-D6C7-4804-9950-E5F21C1D5811}.Debug|Any CPU.ActiveCfg = Debug|Any CPU
		{E7FEAF88-D6C7-4804-9950-E5F21C1D5811}.Debug|Any CPU.Build.0 = Debug|Any CPU
		{E7FEAF88-D6C7-4804-9950-E5F21C1D5811}.Release|Any CPU.ActiveCfg = Release|Any CPU
		{E7FEAF88-D6C7-4804-9950-E5F21C1D5811}.Release|Any CPU.Build.0 = Release|Any CPU
		{15EADEC7-BE27-4334-BA95-0FF3F6BD8A78}.Debug|Any CPU.ActiveCfg = Debug|Any CPU
		{15EADEC7-BE27-4334-BA95-0FF3F6BD8A78}.Debug|Any CPU.Build.0 = Debug|Any CPU
		{15EADEC7-BE27-4334-BA95-0FF3F6BD8A78}.Release|Any CPU.ActiveCfg = Release|Any CPU
		{15EADEC7-BE27-4334-BA95-0FF3F6BD8A78}.Release|Any CPU.Build.0 = Release|Any CPU
		{804678AE-B193-4A4E-ADE7-B02B66361F73}.Debug|Any CPU.ActiveCfg = Debug|Any CPU
		{804678AE-B193-4A4E-ADE7-B02B66361F73}.Debug|Any CPU.Build.0 = Debug|Any CPU
		{804678AE-B193-4A4E-ADE7-B02B66361F73}.Release|Any CPU.ActiveCfg = Release|Any CPU
		{804678AE-B193-4A4E-ADE7-B02B66361F73}.Release|Any CPU.Build.0 = Release|Any CPU
		{6E00DC4B-EF35-41F3-9553-CE3F867F6AE6}.Debug|Any CPU.ActiveCfg = Debug|Any CPU
		{6E00DC4B-EF35-41F3-9553-CE3F867F6AE6}.Debug|Any CPU.Build.0 = Debug|Any CPU
		{6E00DC4B-EF35-41F3-9553-CE3F867F6AE6}.Release|Any CPU.ActiveCfg = Release|Any CPU
		{6E00DC4B-EF35-41F3-9553-CE3F867F6AE6}.Release|Any CPU.Build.0 = Release|Any CPU
	EndGlobalSection
	GlobalSection(SolutionProperties) = preSolution
		HideSolutionNode = FALSE
	EndGlobalSection
	GlobalSection(ExtensibilityGlobals) = postSolution
		SolutionGuid = {86269D65-173C-4EC3-A223-D17F1D9C4956}
	EndGlobalSection
EndGlobal
